// !$*UTF8*$!
{
	archiveVersion = 1;
	classes = {
	};
	objectVersion = 77;
	objects = {

/* Begin PBXBuildFile section */
		EC32563B2F7B7599003A25EE /* DropDownModel.swift in Sources */ = {isa = PBXBuildFile; fileRef = EC32563A2F7B7599003A25EE /* DropDownModel.swift */; };
		EC32563D2F7B761A003A25EE /* StampStatusModel.swift in Sources */ = {isa = PBXBuildFile; fileRef = EC32563C2F7B761A003A25EE /* StampStatusModel.swift */; };
		EC4230E22F7819860009F673 /* DropDownView.swift in Sources */ = {isa = PBXBuildFile; fileRef = EC4230DC2F7819860009F673 /* DropDownView.swift */; };
		EC4230E32F7819860009F673 /* HomeView.swift in Sources */ = {isa = PBXBuildFile; fileRef = EC4230DD2F7819860009F673 /* HomeView.swift */; };
		EC4230E42F7819860009F673 /* pohangBuddyApp.swift in Sources */ = {isa = PBXBuildFile; fileRef = EC4230DF2F7819860009F673 /* pohangBuddyApp.swift */; };
		EC4230E52F7819860009F673 /* StampStatusView.swift in Sources */ = {isa = PBXBuildFile; fileRef = EC4230E02F7819860009F673 /* StampStatusView.swift */; };
		EC4230E72F7819860009F673 /* Pretendard-Light.ttf in Resources */ = {isa = PBXBuildFile; fileRef = EC4230D62F7819860009F673 /* Pretendard-Light.ttf */; };
		EC4230E82F7819860009F673 /* Pretendard-Medium.ttf in Resources */ = {isa = PBXBuildFile; fileRef = EC4230D72F7819860009F673 /* Pretendard-Medium.ttf */; };
		EC4230E92F7819860009F673 /* Pretendard-Regular.ttf in Resources */ = {isa = PBXBuildFile; fileRef = EC4230D82F7819860009F673 /* Pretendard-Regular.ttf */; };
		EC4230EA2F7819860009F673 /* Pretendard-SemiBold.ttf in Resources */ = {isa = PBXBuildFile; fileRef = EC4230D92F7819860009F673 /* Pretendard-SemiBold.ttf */; };
		EC4230EB2F7819860009F673 /* Assets.xcassets in Resources */ = {isa = PBXBuildFile; fileRef = EC4230DB2F7819860009F673 /* Assets.xcassets */; };
		EC4230EE2F7819E10009F673 /* Font+Extension.swift in Sources */ = {isa = PBXBuildFile; fileRef = EC4230ED2F7819E10009F673 /* Font+Extension.swift */; };
		EC4230F12F7828F60009F673 /* FishCareView.swift in Sources */ = {isa = PBXBuildFile; fileRef = EC4230F02F7828F60009F673 /* FishCareView.swift */; };
		ECEAC0A02F7A1B24009B5B16 /* FishCareButton.swift in Sources */ = {isa = PBXBuildFile; fileRef = ECEAC09F2F7A1B24009B5B16 /* FishCareButton.swift */; };
		ECEAC0A22F7A212C009B5B16 /* HomeTopBarView.swift in Sources */ = {isa = PBXBuildFile; fileRef = ECEAC0A12F7A212C009B5B16 /* HomeTopBarView.swift */; };
		ECF7B34D2F78EF4B00B29402 /* StampDetailView.swift in Sources */ = {isa = PBXBuildFile; fileRef = ECF7B34C2F78EF4B00B29402 /* StampDetailView.swift */; };
		ECF7B34F2F78F62900B29402 /* UImagePicker.swift in Sources */ = {isa = PBXBuildFile; fileRef = ECF7B34E2F78F62900B29402 /* UImagePicker.swift */; };
/* End PBXBuildFile section */

/* Begin PBXFileReference section */
		EC32563A2F7B7599003A25EE /* DropDownModel.swift */ = {isa = PBXFileReference; lastKnownFileType = sourcecode.swift; path = DropDownModel.swift; sourceTree = "<group>"; };
		EC32563C2F7B761A003A25EE /* StampStatusModel.swift */ = {isa = PBXFileReference; lastKnownFileType = sourcecode.swift; path = StampStatusModel.swift; sourceTree = "<group>"; };
		EC4230D62F7819860009F673 /* Pretendard-Light.ttf */ = {isa = PBXFileReference; lastKnownFileType = file; path = "Pretendard-Light.ttf"; sourceTree = "<group>"; };
		EC4230D72F7819860009F673 /* Pretendard-Medium.ttf */ = {isa = PBXFileReference; lastKnownFileType = file; path = "Pretendard-Medium.ttf"; sourceTree = "<group>"; };
		EC4230D82F7819860009F673 /* Pretendard-Regular.ttf */ = {isa = PBXFileReference; lastKnownFileType = file; path = "Pretendard-Regular.ttf"; sourceTree = "<group>"; };
		EC4230D92F7819860009F673 /* Pretendard-SemiBold.ttf */ = {isa = PBXFileReference; lastKnownFileType = file; path = "Pretendard-SemiBold.ttf"; sourceTree = "<group>"; };
		EC4230DB2F7819860009F673 /* Assets.xcassets */ = {isa = PBXFileReference; lastKnownFileType = folder.assetcatalog; path = Assets.xcassets; sourceTree = "<group>"; };
		EC4230DC2F7819860009F673 /* DropDownView.swift */ = {isa = PBXFileReference; lastKnownFileType = sourcecode.swift; path = DropDownView.swift; sourceTree = "<group>"; };
		EC4230DD2F7819860009F673 /* HomeView.swift */ = {isa = PBXFileReference; lastKnownFileType = sourcecode.swift; path = HomeView.swift; sourceTree = "<group>"; };
		EC4230DE2F7819860009F673 /* Info.plist */ = {isa = PBXFileReference; lastKnownFileType = text.plist.xml; path = Info.plist; sourceTree = "<group>"; };
		EC4230DF2F7819860009F673 /* pohangBuddyApp.swift */ = {isa = PBXFileReference; lastKnownFileType = sourcecode.swift; path = pohangBuddyApp.swift; sourceTree = "<group>"; };
		EC4230E02F7819860009F673 /* StampStatusView.swift */ = {isa = PBXFileReference; lastKnownFileType = sourcecode.swift; path = StampStatusView.swift; sourceTree = "<group>"; };
		EC4230ED2F7819E10009F673 /* Font+Extension.swift */ = {isa = PBXFileReference; lastKnownFileType = sourcecode.swift; path = "Font+Extension.swift"; sourceTree = "<group>"; };
		EC4230F02F7828F60009F673 /* FishCareView.swift */ = {isa = PBXFileReference; lastKnownFileType = sourcecode.swift; path = FishCareView.swift; sourceTree = "<group>"; };
		ECE5E9232F7622F30087EB62 /* pohangBuddy.app */ = {isa = PBXFileReference; explicitFileType = wrapper.application; includeInIndex = 0; path = pohangBuddy.app; sourceTree = BUILT_PRODUCTS_DIR; };
		ECEAC09F2F7A1B24009B5B16 /* FishCareButton.swift */ = {isa = PBXFileReference; lastKnownFileType = sourcecode.swift; path = FishCareButton.swift; sourceTree = "<group>"; };
		ECEAC0A12F7A212C009B5B16 /* HomeTopBarView.swift */ = {isa = PBXFileReference; lastKnownFileType = sourcecode.swift; path = HomeTopBarView.swift; sourceTree = "<group>"; };
		ECF7B34C2F78EF4B00B29402 /* StampDetailView.swift */ = {isa = PBXFileReference; lastKnownFileType = sourcecode.swift; path = StampDetailView.swift; sourceTree = "<group>"; };
		ECF7B34E2F78F62900B29402 /* UImagePicker.swift */ = {isa = PBXFileReference; lastKnownFileType = sourcecode.swift; path = UImagePicker.swift; sourceTree = "<group>"; };
/* End PBXFileReference section */

/* Begin PBXFrameworksBuildPhase section */
		ECE5E9202F7622F30087EB62 /* Frameworks */ = {
			isa = PBXFrameworksBuildPhase;
			buildActionMask = 2147483647;
			files = (
			);
			runOnlyForDeploymentPostprocessing = 0;
		};
/* End PBXFrameworksBuildPhase section */

/* Begin PBXGroup section */
		EC3256382F7B7582003A25EE /* Model */ = {
			isa = PBXGroup;
			children = (
				EC3256392F7B758E003A25EE /* Home */,
			);
			path = Model;
			sourceTree = "<group>";
		};
		EC3256392F7B758E003A25EE /* Home */ = {
			isa = PBXGroup;
			children = (
				EC32563A2F7B7599003A25EE /* DropDownModel.swift */,
				EC32563C2F7B761A003A25EE /* StampStatusModel.swift */,
			);
			path = Home;
			sourceTree = "<group>";
		};
		EC4230DA2F7819860009F673 /* Font */ = {
			isa = PBXGroup;
			children = (
				EC4230D92F7819860009F673 /* Pretendard-SemiBold.ttf */,
				EC4230D72F7819860009F673 /* Pretendard-Medium.ttf */,
				EC4230D82F7819860009F673 /* Pretendard-Regular.ttf */,
				EC4230D62F7819860009F673 /* Pretendard-Light.ttf */,
			);
			path = Font;
			sourceTree = "<group>";
		};
		EC4230E12F7819860009F673 /* pohangBuddy */ = {
			isa = PBXGroup;
			children = (
				EC4230DF2F7819860009F673 /* pohangBuddyApp.swift */,
				EC4230DB2F7819860009F673 /* Assets.xcassets */,
				EC4230DE2F7819860009F673 /* Info.plist */,
				EC3256382F7B7582003A25EE /* Model */,
				ECF7B3502F78FBBE00B29402 /* View */,
				ECF7B3512F78FBCF00B29402 /* Components */,
				EC4230DA2F7819860009F673 /* Font */,
				EC4230EF2F781E000009F673 /* Extension */,
			);
			path = pohangBuddy;
			sourceTree = "<group>";
		};
		EC4230EF2F781E000009F673 /* Extension */ = {
			isa = PBXGroup;
			children = (
				EC4230ED2F7819E10009F673 /* Font+Extension.swift */,
			);
			path = Extension;
			sourceTree = "<group>";
		};
		ECE5E91A2F7622F30087EB62 = {
			isa = PBXGroup;
			children = (
				EC4230E12F7819860009F673 /* pohangBuddy */,
				ECE5E9242F7622F30087EB62 /* Products */,
			);
			sourceTree = "<group>";
		};
		ECE5E9242F7622F30087EB62 /* Products */ = {
			isa = PBXGroup;
			children = (
				ECE5E9232F7622F30087EB62 /* pohangBuddy.app */,
			);
			name = Products;
			sourceTree = "<group>";
		};
		ECEAC09D2F7A1A8B009B5B16 /* Home */ = {
			isa = PBXGroup;
			children = (
				EC4230DD2F7819860009F673 /* HomeView.swift */,
				ECEAC09E2F7A1A96009B5B16 /* Components */,
				ECF7B34C2F78EF4B00B29402 /* StampDetailView.swift */,
			);
			path = Home;
			sourceTree = "<group>";
		};
		ECEAC09E2F7A1A96009B5B16 /* Components */ = {
			isa = PBXGroup;
			children = (
				EC4230DC2F7819860009F673 /* DropDownView.swift */,
				EC4230E02F7819860009F673 /* StampStatusView.swift */,
				ECEAC09F2F7A1B24009B5B16 /* FishCareButton.swift */,
				ECEAC0A12F7A212C009B5B16 /* HomeTopBarView.swift */,
			);
			path = Components;
			sourceTree = "<group>";
		};
		ECF7B3502F78FBBE00B29402 /* View */ = {
			isa = PBXGroup;
			children = (
				ECEAC09D2F7A1A8B009B5B16 /* Home */,
				EC4230F02F7828F60009F673 /* FishCareView.swift */,
			);
			path = View;
			sourceTree = "<group>";
		};
		ECF7B3512F78FBCF00B29402 /* Components */ = {
			isa = PBXGroup;
			children = (
				ECF7B3522F78FC1200B29402 /* ImagePicker */,
			);
			path = Components;
			sourceTree = "<group>";
		};
		ECF7B3522F78FC1200B29402 /* ImagePicker */ = {
			isa = PBXGroup;
			children = (
				ECF7B34E2F78F62900B29402 /* UImagePicker.swift */,
			);
			path = ImagePicker;
			sourceTree = "<group>";
		};
/* End PBXGroup section */

/* Begin PBXNativeTarget section */
		ECE5E9222F7622F30087EB62 /* pohangBuddy */ = {
			isa = PBXNativeTarget;
			buildConfigurationList = ECE5E92E2F7622F30087EB62 /* Build configuration list for PBXNativeTarget "pohangBuddy" */;
			buildPhases = (
				ECE5E91F2F7622F30087EB62 /* Sources */,
				ECE5E9202F7622F30087EB62 /* Frameworks */,
				ECE5E9212F7622F30087EB62 /* Resources */,
			);
			buildRules = (
			);
			dependencies = (
			);
			name = pohangBuddy;
			packageProductDependencies = (
			);
			productName = pohangBuddy;
			productReference = ECE5E9232F7622F30087EB62 /* pohangBuddy.app */;
			productType = "com.apple.product-type.application";
		};
/* End PBXNativeTarget section */

/* Begin PBXProject section */
		ECE5E91B2F7622F30087EB62 /* Project object */ = {
			isa = PBXProject;
			attributes = {
				BuildIndependentTargetsInParallel = 1;
				LastSwiftUpdateCheck = 2630;
				LastUpgradeCheck = 2630;
				TargetAttributes = {
					ECE5E9222F7622F30087EB62 = {
						CreatedOnToolsVersion = 26.3;
					};
				};
			};
			buildConfigurationList = ECE5E91E2F7622F30087EB62 /* Build configuration list for PBXProject "pohangBuddy" */;
			developmentRegion = en;
			hasScannedForEncodings = 0;
			knownRegions = (
				en,
				Base,
			);
			mainGroup = ECE5E91A2F7622F30087EB62;
			minimizedProjectReferenceProxies = 1;
			preferredProjectObjectVersion = 77;
			productRefGroup = ECE5E9242F7622F30087EB62 /* Products */;
			projectDirPath = "";
			projectRoot = "";
			targets = (
				ECE5E9222F7622F30087EB62 /* pohangBuddy */,
			);
		};
/* End PBXProject section */

/* Begin PBXResourcesBuildPhase section */
		ECE5E9212F7622F30087EB62 /* Resources */ = {
			isa = PBXResourcesBuildPhase;
			buildActionMask = 2147483647;
			files = (
				EC4230E72F7819860009F673 /* Pretendard-Light.ttf in Resources */,
				EC4230E82F7819860009F673 /* Pretendard-Medium.ttf in Resources */,
				EC4230E92F7819860009F673 /* Pretendard-Regular.ttf in Resources */,
				EC4230EA2F7819860009F673 /* Pretendard-SemiBold.ttf in Resources */,
				EC4230EB2F7819860009F673 /* Assets.xcassets in Resources */,
			);
			runOnlyForDeploymentPostprocessing = 0;
		};
/* End PBXResourcesBuildPhase section */

/* Begin PBXSourcesBuildPhase section */
		ECE5E91F2F7622F30087EB62 /* Sources */ = {
			isa = PBXSourcesBuildPhase;
			buildActionMask = 2147483647;
			files = (
				ECEAC0A02F7A1B24009B5B16 /* FishCareButton.swift in Sources */,
				ECF7B34D2F78EF4B00B29402 /* StampDetailView.swift in Sources */,
				ECEAC0A22F7A212C009B5B16 /* HomeTopBarView.swift in Sources */,
				EC4230E22F7819860009F673 /* DropDownView.swift in Sources */,
				EC4230F12F7828F60009F673 /* FishCareView.swift in Sources */,
				ECF7B34F2F78F62900B29402 /* UImagePicker.swift in Sources */,
				EC4230EE2F7819E10009F673 /* Font+Extension.swift in Sources */,
				EC32563D2F7B761A003A25EE /* StampStatusModel.swift in Sources */,
				EC32563B2F7B7599003A25EE /* DropDownModel.swift in Sources */,
				EC4230E32F7819860009F673 /* HomeView.swift in Sources */,
				EC4230E42F7819860009F673 /* pohangBuddyApp.swift in Sources */,
				EC4230E52F7819860009F673 /* StampStatusView.swift in Sources */,
			);
			runOnlyForDeploymentPostprocessing = 0;
		};
/* End PBXSourcesBuildPhase section */

/* Begin XCBuildConfiguration section */
		ECE5E92C2F7622F30087EB62 /* Debug */ = {
			isa = XCBuildConfiguration;
			buildSettings = {
				ALWAYS_SEARCH_USER_PATHS = NO;
				ASSETCATALOG_COMPILER_GENERATE_SWIFT_ASSET_SYMBOL_EXTENSIONS = YES;
				CLANG_ANALYZER_NONNULL = YES;
				CLANG_ANALYZER_NUMBER_OBJECT_CONVERSION = YES_AGGRESSIVE;
				CLANG_CXX_LANGUAGE_STANDARD = "gnu++20";
				CLANG_ENABLE_MODULES = YES;
				CLANG_ENABLE_OBJC_ARC = YES;
				CLANG_ENABLE_OBJC_WEAK = YES;
				CLANG_WARN_BLOCK_CAPTURE_AUTORELEASING = YES;
				CLANG_WARN_BOOL_CONVERSION = YES;
				CLANG_WARN_COMMA = YES;
				CLANG_WARN_CONSTANT_CONVERSION = YES;
				CLANG_WARN_DEPRECATED_OBJC_IMPLEMENTATIONS = YES;
				CLANG_WARN_DIRECT_OBJC_ISA_USAGE = YES_ERROR;
				CLANG_WARN_DOCUMENTATION_COMMENTS = YES;
				CLANG_WARN_EMPTY_BODY = YES;
				CLANG_WARN_ENUM_CONVERSION = YES;
				CLANG_WARN_INFINITE_RECURSION = YES;
				CLANG_WARN_INT_CONVERSION = YES;
				CLANG_WARN_NON_LITERAL_NULL_CONVERSION = YES;
				CLANG_WARN_OBJC_IMPLICIT_RETAIN_SELF = YES;
				CLANG_WARN_OBJC_LITERAL_CONVERSION = YES;
				CLANG_WARN_OBJC_ROOT_CLASS = YES_ERROR;
				CLANG_WARN_QUOTED_INCLUDE_IN_FRAMEWORK_HEADER = YES;
				CLANG_WARN_RANGE_LOOP_ANALYSIS = YES;
				CLANG_WARN_STRICT_PROTOTYPES = YES;
				CLANG_WARN_SUSPICIOUS_MOVE = YES;
				CLANG_WARN_UNGUARDED_AVAILABILITY = YES_AGGRESSIVE;
				CLANG_WARN_UNREACHABLE_CODE = YES;
				CLANG_WARN__DUPLICATE_METHOD_MATCH = YES;
				COPY_PHASE_STRIP = NO;
				DEBUG_INFORMATION_FORMAT = dwarf;
				DEVELOPMENT_TEAM = AT9KX3ZBW6;
				ENABLE_STRICT_OBJC_MSGSEND = YES;
				ENABLE_TESTABILITY = YES;
				ENABLE_USER_SCRIPT_SANDBOXING = YES;
				GCC_C_LANGUAGE_STANDARD = gnu17;
				GCC_DYNAMIC_NO_PIC = NO;
				GCC_NO_COMMON_BLOCKS = YES;
				GCC_OPTIMIZATION_LEVEL = 0;
				GCC_PREPROCESSOR_DEFINITIONS = (
					"DEBUG=1",
					"$(inherited)",
				);
				GCC_WARN_64_TO_32_BIT_CONVERSION = YES;
				GCC_WARN_ABOUT_RETURN_TYPE = YES_ERROR;
				GCC_WARN_UNDECLARED_SELECTOR = YES;
				GCC_WARN_UNINITIALIZED_AUTOS = YES_AGGRESSIVE;
				GCC_WARN_UNUSED_FUNCTION = YES;
				GCC_WARN_UNUSED_VARIABLE = YES;
				IPHONEOS_DEPLOYMENT_TARGET = 26.2;
				LOCALIZATION_PREFERS_STRING_CATALOGS = YES;
				MTL_ENABLE_DEBUG_INFO = INCLUDE_SOURCE;
				MTL_FAST_MATH = YES;
				ONLY_ACTIVE_ARCH = YES;
				SDKROOT = iphoneos;
				SWIFT_ACTIVE_COMPILATION_CONDITIONS = "DEBUG $(inherited)";
				SWIFT_OPTIMIZATION_LEVEL = "-Onone";
			};
			name = Debug;
		};
		ECE5E92D2F7622F30087EB62 /* Release */ = {
			isa = XCBuildConfiguration;
			buildSettings = {
				ALWAYS_SEARCH_USER_PATHS = NO;
				ASSETCATALOG_COMPILER_GENERATE_SWIFT_ASSET_SYMBOL_EXTENSIONS = YES;
				CLANG_ANALYZER_NONNULL = YES;
				CLANG_ANALYZER_NUMBER_OBJECT_CONVERSION = YES_AGGRESSIVE;
				CLANG_CXX_LANGUAGE_STANDARD = "gnu++20";
				CLANG_ENABLE_MODULES = YES;
				CLANG_ENABLE_OBJC_ARC = YES;
				CLANG_ENABLE_OBJC_WEAK = YES;
				CLANG_WARN_BLOCK_CAPTURE_AUTORELEASING = YES;
				CLANG_WARN_BOOL_CONVERSION = YES;
				CLANG_WARN_COMMA = YES;
				CLANG_WARN_CONSTANT_CONVERSION = YES;
				CLANG_WARN_DEPRECATED_OBJC_IMPLEMENTATIONS = YES;
				CLANG_WARN_DIRECT_OBJC_ISA_USAGE = YES_ERROR;
				CLANG_WARN_DOCUMENTATION_COMMENTS = YES;
				CLANG_WARN_EMPTY_BODY = YES;
				CLANG_WARN_ENUM_CONVERSION = YES;
				CLANG_WARN_INFINITE_RECURSION = YES;
				CLANG_WARN_INT_CONVERSION = YES;
				CLANG_WARN_NON_LITERAL_NULL_CONVERSION = YES;
				CLANG_WARN_OBJC_IMPLICIT_RETAIN_SELF = YES;
				CLANG_WARN_OBJC_LITERAL_CONVERSION = YES;
				CLANG_WARN_OBJC_ROOT_CLASS = YES_ERROR;
				CLANG_WARN_QUOTED_INCLUDE_IN_FRAMEWORK_HEADER = YES;
				CLANG_WARN_RANGE_LOOP_ANALYSIS = YES;
				CLANG_WARN_STRICT_PROTOTYPES = YES;
				CLANG_WARN_SUSPICIOUS_MOVE = YES;
				CLANG_WARN_UNGUARDED_AVAILABILITY = YES_AGGRESSIVE;
				CLANG_WARN_UNREACHABLE_CODE = YES;
				CLANG_WARN__DUPLICATE_METHOD_MATCH = YES;
				COPY_PHASE_STRIP = NO;
				DEBUG_INFORMATION_FORMAT = "dwarf-with-dsym";
				DEVELOPMENT_TEAM = AT9KX3ZBW6;
				ENABLE_NS_ASSERTIONS = NO;
				ENABLE_STRICT_OBJC_MSGSEND = YES;
				ENABLE_USER_SCRIPT_SANDBOXING = YES;
				GCC_C_LANGUAGE_STANDARD = gnu17;
				GCC_NO_COMMON_BLOCKS = YES;
				GCC_WARN_64_TO_32_BIT_CONVERSION = YES;
				GCC_WARN_ABOUT_RETURN_TYPE = YES_ERROR;
				GCC_WARN_UNDECLARED_SELECTOR = YES;
				GCC_WARN_UNINITIALIZED_AUTOS = YES_AGGRESSIVE;
				GCC_WARN_UNUSED_FUNCTION = YES;
				GCC_WARN_UNUSED_VARIABLE = YES;
				IPHONEOS_DEPLOYMENT_TARGET = 26.2;
				LOCALIZATION_PREFERS_STRING_CATALOGS = YES;
				MTL_ENABLE_DEBUG_INFO = NO;
				MTL_FAST_MATH = YES;
				SDKROOT = iphoneos;
				SWIFT_COMPILATION_MODE = wholemodule;
				VALIDATE_PRODUCT = YES;
			};
			name = Release;
		};
		ECE5E92F2F7622F30087EB62 /* Debug */ = {
			isa = XCBuildConfiguration;
			buildSettings = {
				ASSETCATALOG_COMPILER_APPICON_NAME = AppIcon;
				ASSETCATALOG_COMPILER_GLOBAL_ACCENT_COLOR_NAME = AccentColor;
				CODE_SIGN_STYLE = Automatic;
				CURRENT_PROJECT_VERSION = 1;
				DEVELOPMENT_TEAM = AT9KX3ZBW6;
				ENABLE_PREVIEWS = YES;
				GENERATE_INFOPLIST_FILE = YES;
				INFOPLIST_FILE = pohangBuddy/Info.plist;
				INFOPLIST_KEY_NSPhotoLibraryUsageDescription = "사진을 업로드하기 위해 사진 라이브러리 접근이 필요합니다.";
				INFOPLIST_KEY_UIApplicationSceneManifest_Generation = YES;
				INFOPLIST_KEY_UIApplicationSupportsIndirectInputEvents = YES;
				INFOPLIST_KEY_UILaunchScreen_Generation = YES;
				INFOPLIST_KEY_UISupportedInterfaceOrientations_iPad = "UIInterfaceOrientationPortrait UIInterfaceOrientationPortraitUpsideDown UIInterfaceOrientationLandscapeLeft UIInterfaceOrientationLandscapeRight";
				INFOPLIST_KEY_UISupportedInterfaceOrientations_iPhone = "UIInterfaceOrientationPortrait UIInterfaceOrientationLandscapeLeft UIInterfaceOrientationLandscapeRight";
				LD_RUNPATH_SEARCH_PATHS = (
					"$(inherited)",
					"@executable_path/Frameworks",
				);
				MARKETING_VERSION = 1.0;
				PRODUCT_BUNDLE_IDENTIFIER = com.rossi.pohangBuddy;
				PRODUCT_NAME = "$(TARGET_NAME)";
				STRING_CATALOG_GENERATE_SYMBOLS = YES;
				SWIFT_APPROACHABLE_CONCURRENCY = YES;
				SWIFT_DEFAULT_ACTOR_ISOLATION = MainActor;
				SWIFT_EMIT_LOC_STRINGS = YES;
				SWIFT_UPCOMING_FEATURE_MEMBER_IMPORT_VISIBILITY = YES;
				SWIFT_VERSION = 5.0;
				TARGETED_DEVICE_FAMILY = "1,2";
			};
			name = Debug;
		};
		ECE5E9302F7622F30087EB62 /* Release */ = {
			isa = XCBuildConfiguration;
			buildSettings = {
				ASSETCATALOG_COMPILER_APPICON_NAME = AppIcon;
				ASSETCATALOG_COMPILER_GLOBAL_ACCENT_COLOR_NAME = AccentColor;
				CODE_SIGN_STYLE = Automatic;
				CURRENT_PROJECT_VERSION = 1;
				DEVELOPMENT_TEAM = AT9KX3ZBW6;
				ENABLE_PREVIEWS = YES;
				GENERATE_INFOPLIST_FILE = YES;
				INFOPLIST_FILE = pohangBuddy/Info.plist;
				INFOPLIST_KEY_NSPhotoLibraryUsageDescription = "사진을 업로드하기 위해 사진 라이브러리 접근이 필요합니다.";
				INFOPLIST_KEY_UIApplicationSceneManifest_Generation = YES;
				INFOPLIST_KEY_UIApplicationSupportsIndirectInputEvents = YES;
				INFOPLIST_KEY_UILaunchScreen_Generation = YES;
				INFOPLIST_KEY_UISupportedInterfaceOrientations_iPad = "UIInterfaceOrientationPortrait UIInterfaceOrientationPortraitUpsideDown UIInterfaceOrientationLandscapeLeft UIInterfaceOrientationLandscapeRight";
				INFOPLIST_KEY_UISupportedInterfaceOrientations_iPhone = "UIInterfaceOrientationPortrait UIInterfaceOrientationLandscapeLeft UIInterfaceOrientationLandscapeRight";
				LD_RUNPATH_SEARCH_PATHS = (
					"$(inherited)",
					"@executable_path/Frameworks",
				);
				MARKETING_VERSION = 1.0;
				PRODUCT_BUNDLE_IDENTIFIER = com.rossi.pohangBuddy;
				PRODUCT_NAME = "$(TARGET_NAME)";
				STRING_CATALOG_GENERATE_SYMBOLS = YES;
				SWIFT_APPROACHABLE_CONCURRENCY = YES;
				SWIFT_DEFAULT_ACTOR_ISOLATION = MainActor;
				SWIFT_EMIT_LOC_STRINGS = YES;
				SWIFT_UPCOMING_FEATURE_MEMBER_IMPORT_VISIBILITY = YES;
				SWIFT_VERSION = 5.0;
				TARGETED_DEVICE_FAMILY = "1,2";
			};
			name = Release;
		};
/* End XCBuildConfiguration section */

/* Begin XCConfigurationList section */
		ECE5E91E2F7622F30087EB62 /* Build configuration list for PBXProject "pohangBuddy" */ = {
			isa = XCConfigurationList;
			buildConfigurations = (
				ECE5E92C2F7622F30087EB62 /* Debug */,
				ECE5E92D2F7622F30087EB62 /* Release */,
			);
			defaultConfigurationIsVisible = 0;
			defaultConfigurationName = Release;
		};
		ECE5E92E2F7622F30087EB62 /* Build configuration list for PBXNativeTarget "pohangBuddy" */ = {
			isa = XCConfigurationList;
			buildConfigurations = (
				ECE5E92F2F7622F30087EB62 /* Debug */,
				ECE5E9302F7622F30087EB62 /* Release */,
			);
			defaultConfigurationIsVisible = 0;
			defaultConfigurationName = Release;
		};
/* End XCConfigurationList section */
	};
	rootObject = ECE5E91B2F7622F30087EB62 /* Project object */;
}
